{
    "name": "workspace",
    "lockfileVersion": 3,
    "requires": true,
    "packages": {
        "": {
            "dependencies": {
                "willyhorizont.github.io": "github:willyhorizont/willyhorizont.github.io"
            }
        },
        "node_modules/willyhorizont.github.io": {
            "version": "1.0.0",
            "resolved": "git+ssh://git@github.com/willyhorizont/willyhorizont.github.io.git#6e8b4044cd30c9461f2ed38c56fd8b6e09fdce84"
        }
    }
}
