{
    "name": "workspace",
    "lockfileVersion": 3,
    "requires": true,
    "packages": {
        "": {
            "dependencies": {
                "willyhorizont.github.io": "github:willyhorizont/willyhorizont.github.io"
            }
        },
        "node_modules/willyhorizont.github.io": {
            "version": "1.0.0",
            "resolved": "git+ssh://git@github.com/willyhorizont/willyhorizont.github.io.git#5e4eaf539e98d26bebb58ae82905491094b26b12"
        }
    }
}
