{
  "name": "workspace",
  "lockfileVersion": 3,
  "requires": true,
  "packages": {
    "": {
      "dependencies": {
        "willyhorizont.github.io": "github:willyhorizont/willyhorizont.github.io#1.0.0"
      }
    },
    "node_modules/willyhorizont.github.io": {
      "version": "1.0.0",
      "resolved": "git+ssh://git@github.com/willyhorizont/willyhorizont.github.io.git#df9ae0403c65943e48b4576c282ca7549bafa4a5"
    }
  }
}
